{
  "name": "LearningNode",
  "lockfileVersion": 2,
  "requires": true,
  "packages": {
    "": {
      "dependencies": {
        "iso-country-currency": "^0.6.0"
      }
    },
    "node_modules/iso-country-currency": {
      "version": "0.6.0",
      "resolved": "https://registry.npmjs.org/iso-country-currency/-/iso-country-currency-0.6.0.tgz",
      "integrity": "sha512-OPocsi53/vS0VblF4HV4k/jnz9xXoCTWxKqOgdcdfFgIBcgS3qNP0n9p5AJAqaz3aQNf4xndereV1LhDggeKUA=="
    }
  },
  "dependencies": {
    "iso-country-currency": {
      "version": "0.6.0",
      "resolved": "https://registry.npmjs.org/iso-country-currency/-/iso-country-currency-0.6.0.tgz",
      "integrity": "sha512-OPocsi53/vS0VblF4HV4k/jnz9xXoCTWxKqOgdcdfFgIBcgS3qNP0n9p5AJAqaz3aQNf4xndereV1LhDggeKUA=="
    }
  }
}
